
Microsoft Visual Studio Solution File, Format Version 12.00
# Visual Studio 15
VisualStudioVersion = 15.0.27130.2036
MinimumVisualStudioVersion = 10.0.40219.1
Project("{FAE04EC0-301F-11D3-BF4B-00C04F79EFBC}") = "PATWebAPI", "PATWebAPI\PATWebAPI.csproj", "{6B678DA2-6C6E-4A8C-A384-2C58BD5B640D}"
EndProject
Project("{CC5FD16D-436D-48AD-A40C-5A424C6E3E79}") = "PATWebAPI.Azure", "PATWebAPI.Azure\PATWebAPI.Azure.ccproj", "{487EF80D-64C3-4CE0-81E7-D8E62960DEC6}"
EndProject
Global
	GlobalSection(SolutionConfigurationPlatforms) = preSolution
		Debug|Any CPU = Debug|Any CPU
		Release|Any CPU = Release|Any CPU
	EndGlobalSection
	GlobalSection(ProjectConfigurationPlatforms) = postSolution
		{6B678DA2-6C6E-4A8C-A384-2C58BD5B640D}.Debug|Any CPU.ActiveCfg = Debug|Any CPU
		{6B678DA2-6C6E-4A8C-A384-2C58BD5B640D}.Debug|Any CPU.Build.0 = Debug|Any CPU
		{6B678DA2-6C6E-4A8C-A384-2C58BD5B640D}.Release|Any CPU.ActiveCfg = Release|Any CPU
		{6B678DA2-6C6E-4A8C-A384-2C58BD5B640D}.Release|Any CPU.Build.0 = Release|Any CPU
		{487EF80D-64C3-4CE0-81E7-D8E62960DEC6}.Debug|Any CPU.ActiveCfg = Debug|Any CPU
		{487EF80D-64C3-4CE0-81E7-D8E62960DEC6}.Debug|Any CPU.Build.0 = Debug|Any CPU
		{487EF80D-64C3-4CE0-81E7-D8E62960DEC6}.Release|Any CPU.ActiveCfg = Release|Any CPU
		{487EF80D-64C3-4CE0-81E7-D8E62960DEC6}.Release|Any CPU.Build.0 = Release|Any CPU
	EndGlobalSection
	GlobalSection(SolutionProperties) = preSolution
		HideSolutionNode = FALSE
	EndGlobalSection
	GlobalSection(ExtensibilityGlobals) = postSolution
		SolutionGuid = {5050AB97-C89A-49EA-B79C-3485F277B8AA}
	EndGlobalSection
EndGlobal
